
Microsoft Visual Studio Solution File, Format Version 12.00
# Visual Studio Version 17
VisualStudioVersion = 17.5.2.0
MinimumVisualStudioVersion = 10.0.40219.1
Project("{FAE04EC0-301F-11D3-BF4B-00C04F79EFBC}") = "TransCard", "TransCard\TransCard.csproj", "{980C2977-C103-B837-1587-F56494F7B5EF}"
EndProject
Project("{FAE04EC0-301F-11D3-BF4B-00C04F79EFBC}") = "TransCard.Tests", "TransCard.Tests\TransCard.Tests.csproj", "{50DC72ED-292D-4F6D-BD30-8A95C6AA154B}"
EndProject
Global
	GlobalSection(SolutionConfigurationPlatforms) = preSolution
		Debug|Any CPU = Debug|Any CPU
		Debug|x64 = Debug|x64
		Debug|x86 = Debug|x86
		Release|Any CPU = Release|Any CPU
		Release|x64 = Release|x64
		Release|x86 = Release|x86
	EndGlobalSection
	GlobalSection(ProjectConfigurationPlatforms) = postSolution
		{980C2977-C103-B837-1587-F56494F7B5EF}.Debug|Any CPU.ActiveCfg = Debug|Any CPU
		{980C2977-C103-B837-1587-F56494F7B5EF}.Debug|Any CPU.Build.0 = Debug|Any CPU
		{980C2977-C103-B837-1587-F56494F7B5EF}.Debug|x64.ActiveCfg = Debug|Any CPU
		{980C2977-C103-B837-1587-F56494F7B5EF}.Debug|x64.Build.0 = Debug|Any CPU
		{980C2977-C103-B837-1587-F56494F7B5EF}.Debug|x86.ActiveCfg = Debug|Any CPU
		{980C2977-C103-B837-1587-F56494F7B5EF}.Debug|x86.Build.0 = Debug|Any CPU
		{980C2977-C103-B837-1587-F56494F7B5EF}.Release|Any CPU.ActiveCfg = Release|Any CPU
		{980C2977-C103-B837-1587-F56494F7B5EF}.Release|Any CPU.Build.0 = Release|Any CPU
		{980C2977-C103-B837-1587-F56494F7B5EF}.Release|x64.ActiveCfg = Release|Any CPU
		{980C2977-C103-B837-1587-F56494F7B5EF}.Release|x64.Build.0 = Release|Any CPU
		{980C2977-C103-B837-1587-F56494F7B5EF}.Release|x86.ActiveCfg = Release|Any CPU
		{980C2977-C103-B837-1587-F56494F7B5EF}.Release|x86.Build.0 = Release|Any CPU
		{50DC72ED-292D-4F6D-BD30-8A95C6AA154B}.Debug|Any CPU.ActiveCfg = Debug|Any CPU
		{50DC72ED-292D-4F6D-BD30-8A95C6AA154B}.Debug|Any CPU.Build.0 = Debug|Any CPU
		{50DC72ED-292D-4F6D-BD30-8A95C6AA154B}.Debug|x64.ActiveCfg = Debug|Any CPU
		{50DC72ED-292D-4F6D-BD30-8A95C6AA154B}.Debug|x64.Build.0 = Debug|Any CPU
		{50DC72ED-292D-4F6D-BD30-8A95C6AA154B}.Debug|x86.ActiveCfg = Debug|Any CPU
		{50DC72ED-292D-4F6D-BD30-8A95C6AA154B}.Debug|x86.Build.0 = Debug|Any CPU
		{50DC72ED-292D-4F6D-BD30-8A95C6AA154B}.Release|Any CPU.ActiveCfg = Release|Any CPU
		{50DC72ED-292D-4F6D-BD30-8A95C6AA154B}.Release|Any CPU.Build.0 = Release|Any CPU
		{50DC72ED-292D-4F6D-BD30-8A95C6AA154B}.Release|x64.ActiveCfg = Release|Any CPU
		{50DC72ED-292D-4F6D-BD30-8A95C6AA154B}.Release|x64.Build.0 = Release|Any CPU
		{50DC72ED-292D-4F6D-BD30-8A95C6AA154B}.Release|x86.ActiveCfg = Release|Any CPU
		{50DC72ED-292D-4F6D-BD30-8A95C6AA154B}.Release|x86.Build.0 = Release|Any CPU
	EndGlobalSection
	GlobalSection(SolutionProperties) = preSolution
		HideSolutionNode = FALSE
	EndGlobalSection
	GlobalSection(ExtensibilityGlobals) = postSolution
		SolutionGuid = {2F1BD702-57B3-4FAE-AD1D-B2EDA6DF6C4C}
	EndGlobalSection
EndGlobal
